
Microsoft Visual Studio Solution File, Format Version 12.00
# Visual Studio Version 17
VisualStudioVersion = 17.0.32014.148
MinimumVisualStudioVersion = 10.0.40219.1
Project("{FAE04EC0-301F-11D3-BF4B-00C04F79EFBC}") = "Logicalprograms", "Logicalprograms\Logicalprograms.csproj", "{128C2C53-9BAB-4898-90CC-CC28607F57EE}"
EndProject
Global
	GlobalSection(SolutionConfigurationPlatforms) = preSolution
		Debug|Any CPU = Debug|Any CPU
		Release|Any CPU = Release|Any CPU
	EndGlobalSection
	GlobalSection(ProjectConfigurationPlatforms) = postSolution
		{128C2C53-9BAB-4898-90CC-CC28607F57EE}.Debug|Any CPU.ActiveCfg = Debug|Any CPU
		{128C2C53-9BAB-4898-90CC-CC28607F57EE}.Debug|Any CPU.Build.0 = Debug|Any CPU
		{128C2C53-9BAB-4898-90CC-CC28607F57EE}.Release|Any CPU.ActiveCfg = Release|Any CPU
		{128C2C53-9BAB-4898-90CC-CC28607F57EE}.Release|Any CPU.Build.0 = Release|Any CPU
	EndGlobalSection
	GlobalSection(SolutionProperties) = preSolution
		HideSolutionNode = FALSE
	EndGlobalSection
	GlobalSection(ExtensibilityGlobals) = postSolution
		SolutionGuid = {D13CEDBE-5F45-4771-87F1-8F0D2BD60D98}
	EndGlobalSection
EndGlobal
